lockVersion: 2.0.0
id: 884040e6-e056-469c-81c7-dc3139ef42b6
management:
  docChecksum: e2d62c3257abdb44d60905723bd6484e
  docVersion: v1.0.0-rc.5
  speakeasyVersion: internal
  generationVersion: 2.250.16
  releaseVersion: 0.8.0
  configChecksum: a4fdd8174d316d8cd42244cc35a62cea
  repoURL: https://github.com/speakeasy-sdks/formance-go-sdk.git
  repoSubDirectory: .
  installationURL: https://github.com/speakeasy-sdks/formance-go-sdk
  published: true
features:
  go:
    constsAndDefaults: 0.1.3
    core: 3.3.2
    deprecations: 2.81.1
    flattening: 2.81.1
    globalSecurity: 2.82.6
    globalServerURLs: 2.82.1
    nameOverrides: 2.81.1
    unions: 2.85.3
generatedFiles:
  - clients.go
  - scopes.go
  - users.go
  - server.go
  - ledger.go
  - accounts.go
  - balances.go
  - logs.go
  - mapping.go
  - script.go
  - stats.go
  - transactions.go
  - orchestration.go
  - payments.go
  - search.go
  - wallets.go
  - webhooks.go
  - formance.go
  - go.mod
  - go.sum
  - pkg/models/sdkerrors/sdkerror.go
  - pkg/types/bigint.go
  - pkg/types/date.go
  - pkg/types/datetime.go
  - pkg/types/decimal.go
  - pkg/types/pointers.go
  - pkg/utils/contenttype.go
  - pkg/utils/form.go
  - pkg/utils/headers.go
  - pkg/utils/json.go
  - pkg/utils/pathparams.go
  - pkg/utils/queryparams.go
  - pkg/utils/requestbody.go
  - pkg/utils/retries.go
  - pkg/utils/security.go
  - pkg/utils/utils.go
  - /pkg/models/operations/getserverinfo.go
  - /pkg/models/operations/paymentsgetserverinfo.go
  - /pkg/models/operations/searchgetserverinfo.go
  - /pkg/models/operations/addscopetoclient.go
  - /pkg/models/operations/createclient.go
  - /pkg/models/operations/createsecret.go
  - /pkg/models/operations/deleteclient.go
  - /pkg/models/operations/deletescopefromclient.go
  - /pkg/models/operations/deletesecret.go
  - /pkg/models/operations/listclients.go
  - /pkg/models/operations/readclient.go
  - /pkg/models/operations/updateclient.go
  - /pkg/models/operations/addtransientscope.go
  - /pkg/models/operations/createscope.go
  - /pkg/models/operations/deletescope.go
  - /pkg/models/operations/deletetransientscope.go
  - /pkg/models/operations/listscopes.go
  - /pkg/models/operations/readscope.go
  - /pkg/models/operations/updatescope.go
  - /pkg/models/operations/listusers.go
  - /pkg/models/operations/readuser.go
  - /pkg/models/operations/getinfo.go
  - /pkg/models/operations/getledgerinfo.go
  - /pkg/models/operations/addmetadatatoaccount.go
  - /pkg/models/operations/countaccounts.go
  - /pkg/models/operations/getaccount.go
  - /pkg/models/operations/listaccounts.go
  - /pkg/models/operations/getbalances.go
  - /pkg/models/operations/getbalancesaggregated.go
  - /pkg/models/operations/listlogs.go
  - /pkg/models/operations/getmapping.go
  - /pkg/models/operations/updatemapping.go
  - /pkg/models/operations/runscript.go
  - /pkg/models/operations/readstats.go
  - /pkg/models/operations/createtransactions.go
  - /pkg/models/operations/addmetadataontransaction.go
  - /pkg/models/operations/counttransactions.go
  - /pkg/models/operations/createtransaction.go
  - /pkg/models/operations/gettransaction.go
  - /pkg/models/operations/listtransactions.go
  - /pkg/models/operations/reverttransaction.go
  - /pkg/models/operations/createworkflow.go
  - /pkg/models/operations/getflow.go
  - /pkg/models/operations/getworkflowoccurrence.go
  - /pkg/models/operations/listflows.go
  - /pkg/models/operations/listruns.go
  - /pkg/models/operations/orchestrationgetserverinfo.go
  - /pkg/models/operations/runworkflow.go
  - /pkg/models/operations/connectorsstripetransfer.go
  - /pkg/models/operations/getconnectortask.go
  - /pkg/models/operations/getpayment.go
  - /pkg/models/operations/installconnector.go
  - /pkg/models/operations/listallconnectors.go
  - /pkg/models/operations/listconfigsavailableconnectors.go
  - /pkg/models/operations/listconnectortasks.go
  - /pkg/models/operations/listpayments.go
  - /pkg/models/operations/paymentslistaccounts.go
  - /pkg/models/operations/readconnectorconfig.go
  - /pkg/models/operations/resetconnector.go
  - /pkg/models/operations/uninstallconnector.go
  - /pkg/models/operations/search.go
  - /pkg/models/operations/confirmhold.go
  - /pkg/models/operations/createbalance.go
  - /pkg/models/operations/createwallet.go
  - /pkg/models/operations/creditwallet.go
  - /pkg/models/operations/debitwallet.go
  - /pkg/models/operations/getbalance.go
  - /pkg/models/operations/gethold.go
  - /pkg/models/operations/getholds.go
  - /pkg/models/operations/gettransactions.go
  - /pkg/models/operations/getwallet.go
  - /pkg/models/operations/listbalances.go
  - /pkg/models/operations/listwallets.go
  - /pkg/models/operations/updatewallet.go
  - /pkg/models/operations/voidhold.go
  - /pkg/models/operations/walletsgetserverinfo.go
  - /pkg/models/operations/activateconfig.go
  - /pkg/models/operations/changeconfigsecret.go
  - /pkg/models/operations/deactivateconfig.go
  - /pkg/models/operations/deleteconfig.go
  - /pkg/models/operations/getmanyconfigs.go
  - /pkg/models/operations/insertconfig.go
  - /pkg/models/operations/testconfig.go
  - /pkg/models/shared/serverinfo.go
  - /pkg/models/shared/createclientresponse.go
  - /pkg/models/shared/client.go
  - /pkg/models/shared/clientsecret.go
  - /pkg/models/shared/createclientrequest.go
  - /pkg/models/shared/createsecretresponse.go
  - /pkg/models/shared/secret.go
  - /pkg/models/shared/createsecretrequest.go
  - /pkg/models/shared/listclientsresponse.go
  - /pkg/models/shared/readclientresponse.go
  - /pkg/models/shared/updateclientresponse.go
  - /pkg/models/shared/updateclientrequest.go
  - /pkg/models/shared/createscoperesponse.go
  - /pkg/models/shared/scope.go
  - /pkg/models/shared/createscoperequest.go
  - /pkg/models/shared/listscopesresponse.go
  - /pkg/models/shared/readscoperesponse.go
  - /pkg/models/shared/updatescoperesponse.go
  - /pkg/models/shared/updatescoperequest.go
  - /pkg/models/shared/listusersresponse.go
  - /pkg/models/shared/user.go
  - /pkg/models/shared/readuserresponse.go
  - /pkg/models/shared/errorresponse.go
  - /pkg/models/shared/errorsenum.go
  - /pkg/models/shared/configinforesponse.go
  - /pkg/models/shared/configinfo.go
  - /pkg/models/shared/config.go
  - /pkg/models/shared/ledgerstorage.go
  - /pkg/models/shared/ledgerinforesponse.go
  - /pkg/models/shared/ledgerinfo.go
  - /pkg/models/shared/migrationinfo.go
  - /pkg/models/shared/accountresponse.go
  - /pkg/models/shared/accountwithvolumesandbalances.go
  - /pkg/models/shared/accountscursorresponse.go
  - /pkg/models/shared/account.go
  - /pkg/models/shared/balancescursorresponse.go
  - /pkg/models/shared/aggregatebalancesresponse.go
  - /pkg/models/shared/logscursorresponse.go
  - /pkg/models/shared/log.go
  - /pkg/models/shared/mappingresponse.go
  - /pkg/models/shared/mapping.go
  - /pkg/models/shared/contract.go
  - /pkg/models/shared/scriptresponse.go
  - /pkg/models/shared/transaction.go
  - /pkg/models/shared/volume.go
  - /pkg/models/shared/posting.go
  - /pkg/models/shared/script.go
  - /pkg/models/shared/statsresponse.go
  - /pkg/models/shared/stats.go
  - /pkg/models/shared/transactionsresponse.go
  - /pkg/models/shared/transactions.go
  - /pkg/models/shared/transactiondata.go
  - /pkg/models/shared/posttransaction.go
  - /pkg/models/shared/transactionresponse.go
  - /pkg/models/shared/transactionscursorresponse.go
  - /pkg/models/shared/error.go
  - /pkg/models/shared/createworkflowresponse.go
  - /pkg/models/shared/workflow.go
  - /pkg/models/shared/workflowconfig.go
  - /pkg/models/shared/createworkflowrequest.go
  - /pkg/models/shared/getworkflowresponse.go
  - /pkg/models/shared/getworkflowoccurrenceresponse.go
  - /pkg/models/shared/workflowoccurrence.go
  - /pkg/models/shared/stagestatus.go
  - /pkg/models/shared/listworkflowsresponse.go
  - /pkg/models/shared/listrunsresponse.go
  - /pkg/models/shared/runworkflowresponse.go
  - /pkg/models/shared/stripetransferresponse.go
  - /pkg/models/shared/stripetransferrequest.go
  - /pkg/models/shared/taskresponse.go
  - /pkg/models/shared/taskstripe.go
  - /pkg/models/shared/paymentstatus.go
  - /pkg/models/shared/taskwise.go
  - /pkg/models/shared/taskcurrencycloud.go
  - /pkg/models/shared/taskdummypay.go
  - /pkg/models/shared/taskmodulr.go
  - /pkg/models/shared/taskbankingcircle.go
  - /pkg/models/shared/connector.go
  - /pkg/models/shared/paymentresponse.go
  - /pkg/models/shared/payment.go
  - /pkg/models/shared/paymentmetadata.go
  - /pkg/models/shared/paymentmetadatachangelog.go
  - /pkg/models/shared/paymentadjustment.go
  - /pkg/models/shared/connectorconfig.go
  - /pkg/models/shared/stripeconfig.go
  - /pkg/models/shared/dummypayconfig.go
  - /pkg/models/shared/wiseconfig.go
  - /pkg/models/shared/modulrconfig.go
  - /pkg/models/shared/currencycloudconfig.go
  - /pkg/models/shared/bankingcircleconfig.go
  - /pkg/models/shared/connectorsresponse.go
  - /pkg/models/shared/connectorsconfigsresponse.go
  - /pkg/models/shared/taskscursor.go
  - /pkg/models/shared/paymentscursor.go
  - /pkg/models/shared/accountscursor.go
  - /pkg/models/shared/paymentsaccount.go
  - /pkg/models/shared/connectorconfigresponse.go
  - /pkg/models/shared/response.go
  - /pkg/models/shared/query.go
  - /pkg/models/shared/walletserrorresponse.go
  - /pkg/models/shared/confirmholdrequest.go
  - /pkg/models/shared/createbalanceresponse.go
  - /pkg/models/shared/balance.go
  - /pkg/models/shared/createbalancerequest.go
  - /pkg/models/shared/createwalletresponse.go
  - /pkg/models/shared/wallet.go
  - /pkg/models/shared/createwalletrequest.go
  - /pkg/models/shared/creditwalletrequest.go
  - /pkg/models/shared/subject.go
  - /pkg/models/shared/ledgeraccountsubject.go
  - /pkg/models/shared/walletsubject.go
  - /pkg/models/shared/monetary.go
  - /pkg/models/shared/debitwalletresponse.go
  - /pkg/models/shared/hold.go
  - /pkg/models/shared/debitwalletrequest.go
  - /pkg/models/shared/getbalanceresponse.go
  - /pkg/models/shared/balancewithassets.go
  - /pkg/models/shared/getholdresponse.go
  - /pkg/models/shared/expandeddebithold.go
  - /pkg/models/shared/getholdsresponse.go
  - /pkg/models/shared/gettransactionsresponse.go
  - /pkg/models/shared/walletstransaction.go
  - /pkg/models/shared/walletsvolume.go
  - /pkg/models/shared/getwalletresponse.go
  - /pkg/models/shared/walletwithbalances.go
  - /pkg/models/shared/assetholder.go
  - /pkg/models/shared/listbalancesresponse.go
  - /pkg/models/shared/listwalletsresponse.go
  - /pkg/models/shared/configresponse.go
  - /pkg/models/shared/webhooksconfig.go
  - /pkg/models/shared/configchangesecret.go
  - /pkg/models/shared/configsresponse.go
  - /pkg/models/shared/configuser.go
  - /pkg/models/shared/attemptresponse.go
  - /pkg/models/shared/attempt.go
  - /pkg/models/shared/security.go
  - docs/pkg/models/operations/getserverinforesponse.md
  - docs/pkg/models/operations/paymentsgetserverinforesponse.md
  - docs/pkg/models/operations/searchgetserverinforesponse.md
  - docs/pkg/models/operations/addscopetoclientrequest.md
  - docs/pkg/models/operations/addscopetoclientresponse.md
  - docs/pkg/models/operations/createclientresponse.md
  - docs/pkg/models/operations/createsecretrequest.md
  - docs/pkg/models/operations/createsecretresponse.md
  - docs/pkg/models/operations/deleteclientrequest.md
  - docs/pkg/models/operations/deleteclientresponse.md
  - docs/pkg/models/operations/deletescopefromclientrequest.md
  - docs/pkg/models/operations/deletescopefromclientresponse.md
  - docs/pkg/models/operations/deletesecretrequest.md
  - docs/pkg/models/operations/deletesecretresponse.md
  - docs/pkg/models/operations/listclientsresponse.md
  - docs/pkg/models/operations/readclientrequest.md
  - docs/pkg/models/operations/readclientresponse.md
  - docs/pkg/models/operations/updateclientrequest.md
  - docs/pkg/models/operations/updateclientresponse.md
  - docs/pkg/models/operations/addtransientscoperequest.md
  - docs/pkg/models/operations/addtransientscoperesponse.md
  - docs/pkg/models/operations/createscoperesponse.md
  - docs/pkg/models/operations/deletescoperequest.md
  - docs/pkg/models/operations/deletescoperesponse.md
  - docs/pkg/models/operations/deletetransientscoperequest.md
  - docs/pkg/models/operations/deletetransientscoperesponse.md
  - docs/pkg/models/operations/listscopesresponse.md
  - docs/pkg/models/operations/readscoperequest.md
  - docs/pkg/models/operations/readscoperesponse.md
  - docs/pkg/models/operations/updatescoperequest.md
  - docs/pkg/models/operations/updatescoperesponse.md
  - docs/pkg/models/operations/listusersresponse.md
  - docs/pkg/models/operations/readuserrequest.md
  - docs/pkg/models/operations/readuserresponse.md
  - docs/pkg/models/operations/getinforesponse.md
  - docs/pkg/models/operations/getledgerinforequest.md
  - docs/pkg/models/operations/getledgerinforesponse.md
  - docs/pkg/models/operations/addmetadatatoaccountrequest.md
  - docs/pkg/models/operations/addmetadatatoaccountresponse.md
  - docs/pkg/models/operations/metadata.md
  - docs/pkg/models/operations/countaccountsrequest.md
  - docs/pkg/models/operations/countaccountsresponse.md
  - docs/pkg/models/operations/getaccountrequest.md
  - docs/pkg/models/operations/getaccountresponse.md
  - docs/pkg/models/operations/balanceoperator.md
  - docs/pkg/models/operations/queryparambalanceoperator.md
  - docs/pkg/models/operations/queryparammetadata.md
  - docs/pkg/models/operations/listaccountsrequest.md
  - docs/pkg/models/operations/listaccountsresponse.md
  - docs/pkg/models/operations/getbalancesrequest.md
  - docs/pkg/models/operations/getbalancesresponse.md
  - docs/pkg/models/operations/getbalancesaggregatedrequest.md
  - docs/pkg/models/operations/getbalancesaggregatedresponse.md
  - docs/pkg/models/operations/listlogsrequest.md
  - docs/pkg/models/operations/listlogsresponse.md
  - docs/pkg/models/operations/getmappingrequest.md
  - docs/pkg/models/operations/getmappingresponse.md
  - docs/pkg/models/operations/updatemappingrequest.md
  - docs/pkg/models/operations/updatemappingresponse.md
  - docs/pkg/models/operations/runscriptrequest.md
  - docs/pkg/models/operations/runscriptresponse.md
  - docs/pkg/models/operations/readstatsrequest.md
  - docs/pkg/models/operations/readstatsresponse.md
  - docs/pkg/models/operations/createtransactionsrequest.md
  - docs/pkg/models/operations/createtransactionsresponse.md
  - docs/pkg/models/operations/addmetadataontransactionrequest.md
  - docs/pkg/models/operations/addmetadataontransactionresponse.md
  - docs/pkg/models/operations/counttransactionsqueryparammetadata.md
  - docs/pkg/models/operations/counttransactionsrequest.md
  - docs/pkg/models/operations/counttransactionsresponse.md
  - docs/pkg/models/operations/createtransactionrequest.md
  - docs/pkg/models/operations/createtransactionresponse.md
  - docs/pkg/models/operations/gettransactionrequest.md
  - docs/pkg/models/operations/gettransactionresponse.md
  - docs/pkg/models/operations/listtransactionsqueryparammetadata.md
  - docs/pkg/models/operations/listtransactionsrequest.md
  - docs/pkg/models/operations/listtransactionsresponse.md
  - docs/pkg/models/operations/reverttransactionrequest.md
  - docs/pkg/models/operations/reverttransactionresponse.md
  - docs/pkg/models/operations/createworkflowresponse.md
  - docs/pkg/models/operations/getflowrequest.md
  - docs/pkg/models/operations/getflowresponse.md
  - docs/pkg/models/operations/getworkflowoccurrencerequest.md
  - docs/pkg/models/operations/getworkflowoccurrenceresponse.md
  - docs/pkg/models/operations/listflowsresponse.md
  - docs/pkg/models/operations/listrunsrequest.md
  - docs/pkg/models/operations/listrunsresponse.md
  - docs/pkg/models/operations/orchestrationgetserverinforesponse.md
  - docs/pkg/models/operations/runworkflowrequest.md
  - docs/pkg/models/operations/runworkflowresponse.md
  - docs/pkg/models/operations/connectorsstripetransferresponse.md
  - docs/pkg/models/operations/getconnectortaskrequest.md
  - docs/pkg/models/operations/getconnectortaskresponse.md
  - docs/pkg/models/operations/getpaymentrequest.md
  - docs/pkg/models/operations/getpaymentresponse.md
  - docs/pkg/models/operations/installconnectorrequest.md
  - docs/pkg/models/operations/installconnectorresponse.md
  - docs/pkg/models/operations/listallconnectorsresponse.md
  - docs/pkg/models/operations/listconfigsavailableconnectorsresponse.md
  - docs/pkg/models/operations/listconnectortasksrequest.md
  - docs/pkg/models/operations/listconnectortasksresponse.md
  - docs/pkg/models/operations/listpaymentsrequest.md
  - docs/pkg/models/operations/listpaymentsresponse.md
  - docs/pkg/models/operations/paymentslistaccountsrequest.md
  - docs/pkg/models/operations/paymentslistaccountsresponse.md
  - docs/pkg/models/operations/readconnectorconfigrequest.md
  - docs/pkg/models/operations/readconnectorconfigresponse.md
  - docs/pkg/models/operations/resetconnectorrequest.md
  - docs/pkg/models/operations/resetconnectorresponse.md
  - docs/pkg/models/operations/uninstallconnectorrequest.md
  - docs/pkg/models/operations/uninstallconnectorresponse.md
  - docs/pkg/models/operations/searchresponse.md
  - docs/pkg/models/operations/confirmholdrequest.md
  - docs/pkg/models/operations/confirmholdresponse.md
  - docs/pkg/models/operations/createbalancerequest.md
  - docs/pkg/models/operations/createbalanceresponse.md
  - docs/pkg/models/operations/createwalletresponse.md
  - docs/pkg/models/operations/creditwalletrequest.md
  - docs/pkg/models/operations/creditwalletresponse.md
  - docs/pkg/models/operations/debitwalletrequest.md
  - docs/pkg/models/operations/debitwalletresponse.md
  - docs/pkg/models/operations/getbalancerequest.md
  - docs/pkg/models/operations/getbalanceresponse.md
  - docs/pkg/models/operations/getholdrequest.md
  - docs/pkg/models/operations/getholdresponse.md
  - docs/pkg/models/operations/getholdsqueryparammetadata.md
  - docs/pkg/models/operations/getholdsrequest.md
  - docs/pkg/models/operations/getholdsresponse.md
  - docs/pkg/models/operations/gettransactionsrequest.md
  - docs/pkg/models/operations/gettransactionsresponse.md
  - docs/pkg/models/operations/getwalletrequest.md
  - docs/pkg/models/operations/getwalletresponse.md
  - docs/pkg/models/operations/listbalancesrequest.md
  - docs/pkg/models/operations/listbalancesresponse.md
  - docs/pkg/models/operations/listwalletsqueryparammetadata.md
  - docs/pkg/models/operations/listwalletsrequest.md
  - docs/pkg/models/operations/listwalletsresponse.md
  - docs/pkg/models/operations/updatewalletrequestbody.md
  - docs/pkg/models/operations/updatewalletrequest.md
  - docs/pkg/models/operations/updatewalletresponse.md
  - docs/pkg/models/operations/voidholdrequest.md
  - docs/pkg/models/operations/voidholdresponse.md
  - docs/pkg/models/operations/walletsgetserverinforesponse.md
  - docs/pkg/models/operations/activateconfigrequest.md
  - docs/pkg/models/operations/activateconfigresponse.md
  - docs/pkg/models/operations/changeconfigsecretrequest.md
  - docs/pkg/models/operations/changeconfigsecretresponse.md
  - docs/pkg/models/operations/deactivateconfigrequest.md
  - docs/pkg/models/operations/deactivateconfigresponse.md
  - docs/pkg/models/operations/deleteconfigrequest.md
  - docs/pkg/models/operations/deleteconfigresponse.md
  - docs/pkg/models/operations/getmanyconfigsrequest.md
  - docs/pkg/models/operations/getmanyconfigsresponse.md
  - docs/pkg/models/operations/insertconfigresponse.md
  - docs/pkg/models/operations/testconfigrequest.md
  - docs/pkg/models/operations/testconfigresponse.md
  - docs/pkg/models/shared/serverinfo.md
  - docs/pkg/models/shared/createclientresponse.md
  - docs/pkg/models/shared/client.md
  - docs/pkg/models/shared/clientsecret.md
  - docs/pkg/models/shared/createclientrequest.md
  - docs/pkg/models/shared/createsecretresponse.md
  - docs/pkg/models/shared/secret.md
  - docs/pkg/models/shared/createsecretrequest.md
  - docs/pkg/models/shared/listclientsresponse.md
  - docs/pkg/models/shared/readclientresponse.md
  - docs/pkg/models/shared/updateclientresponse.md
  - docs/pkg/models/shared/updateclientrequest.md
  - docs/pkg/models/shared/createscoperesponse.md
  - docs/pkg/models/shared/scope.md
  - docs/pkg/models/shared/createscoperequest.md
  - docs/pkg/models/shared/listscopesresponse.md
  - docs/pkg/models/shared/readscoperesponse.md
  - docs/pkg/models/shared/updatescoperesponse.md
  - docs/pkg/models/shared/updatescoperequest.md
  - docs/pkg/models/shared/listusersresponse.md
  - docs/pkg/models/shared/user.md
  - docs/pkg/models/shared/readuserresponse.md
  - docs/pkg/models/shared/errorresponse.md
  - docs/pkg/models/shared/errorsenum.md
  - docs/pkg/models/shared/configinforesponse.md
  - docs/pkg/models/shared/configinfo.md
  - docs/pkg/models/shared/config.md
  - docs/pkg/models/shared/ledgerstorage.md
  - docs/pkg/models/shared/ledgerinforesponse.md
  - docs/pkg/models/shared/storage.md
  - docs/pkg/models/shared/ledgerinfo.md
  - docs/pkg/models/shared/state.md
  - docs/pkg/models/shared/migrationinfo.md
  - docs/pkg/models/shared/accountresponse.md
  - docs/pkg/models/shared/accountwithvolumesandbalancesmetadata.md
  - docs/pkg/models/shared/accountwithvolumesandbalances.md
  - docs/pkg/models/shared/accountscursorresponsecursor.md
  - docs/pkg/models/shared/accountscursorresponse.md
  - docs/pkg/models/shared/metadata.md
  - docs/pkg/models/shared/account.md
  - docs/pkg/models/shared/balancescursorresponsecursor.md
  - docs/pkg/models/shared/balancescursorresponse.md
  - docs/pkg/models/shared/aggregatebalancesresponse.md
  - docs/pkg/models/shared/logscursorresponsecursor.md
  - docs/pkg/models/shared/logscursorresponse.md
  - docs/pkg/models/shared/logdata.md
  - docs/pkg/models/shared/type.md
  - docs/pkg/models/shared/log.md
  - docs/pkg/models/shared/mappingresponse.md
  - docs/pkg/models/shared/mapping.md
  - docs/pkg/models/shared/expr.md
  - docs/pkg/models/shared/contract.md
  - docs/pkg/models/shared/scriptresponse.md
  - docs/pkg/models/shared/transaction.md
  - docs/pkg/models/shared/volume.md
  - docs/pkg/models/shared/posting.md
  - docs/pkg/models/shared/vars.md
  - docs/pkg/models/shared/script.md
  - docs/pkg/models/shared/statsresponse.md
  - docs/pkg/models/shared/stats.md
  - docs/pkg/models/shared/transactionsresponse.md
  - docs/pkg/models/shared/transactions.md
  - docs/pkg/models/shared/transactiondata.md
  - docs/pkg/models/shared/posttransactionvars.md
  - docs/pkg/models/shared/posttransactionscript.md
  - docs/pkg/models/shared/posttransaction.md
  - docs/pkg/models/shared/transactionresponse.md
  - docs/pkg/models/shared/transactionscursorresponsecursor.md
  - docs/pkg/models/shared/transactionscursorresponse.md
  - docs/pkg/models/shared/errorcode.md
  - docs/pkg/models/shared/error.md
  - docs/pkg/models/shared/createworkflowresponse.md
  - docs/pkg/models/shared/workflow.md
  - docs/pkg/models/shared/workflowconfig.md
  - docs/pkg/models/shared/createworkflowrequest.md
  - docs/pkg/models/shared/getworkflowresponse.md
  - docs/pkg/models/shared/getworkflowoccurrenceresponse.md
  - docs/pkg/models/shared/workflowoccurrence.md
  - docs/pkg/models/shared/stagestatus.md
  - docs/pkg/models/shared/listworkflowsresponse.md
  - docs/pkg/models/shared/listrunsresponsecursor.md
  - docs/pkg/models/shared/listrunsresponse.md
  - docs/pkg/models/shared/runworkflowresponse.md
  - docs/pkg/models/shared/stripetransferresponse.md
  - docs/pkg/models/shared/stripetransferrequestmetadata.md
  - docs/pkg/models/shared/stripetransferrequest.md
  - docs/pkg/models/shared/taskresponsedata.md
  - docs/pkg/models/shared/taskresponse.md
  - docs/pkg/models/shared/taskstripedescriptor.md
  - docs/pkg/models/shared/taskstripestate.md
  - docs/pkg/models/shared/taskstripe.md
  - docs/pkg/models/shared/paymentstatus.md
  - docs/pkg/models/shared/taskwisedescriptor.md
  - docs/pkg/models/shared/taskwisestate.md
  - docs/pkg/models/shared/taskwise.md
  - docs/pkg/models/shared/taskcurrencyclouddescriptor.md
  - docs/pkg/models/shared/taskcurrencycloudstate.md
  - docs/pkg/models/shared/taskcurrencycloud.md
  - docs/pkg/models/shared/taskdummypaydescriptor.md
  - docs/pkg/models/shared/taskdummypaystate.md
  - docs/pkg/models/shared/taskdummypay.md
  - docs/pkg/models/shared/taskmodulrdescriptor.md
  - docs/pkg/models/shared/taskmodulrstate.md
  - docs/pkg/models/shared/taskmodulr.md
  - docs/pkg/models/shared/descriptor.md
  - docs/pkg/models/shared/taskbankingcirclestate.md
  - docs/pkg/models/shared/taskbankingcircle.md
  - docs/pkg/models/shared/connector.md
  - docs/pkg/models/shared/paymentresponse.md
  - docs/pkg/models/shared/raw.md
  - docs/pkg/models/shared/scheme.md
  - docs/pkg/models/shared/paymenttype.md
  - docs/pkg/models/shared/payment.md
  - docs/pkg/models/shared/paymentmetadata.md
  - docs/pkg/models/shared/paymentmetadatachangelog.md
  - docs/pkg/models/shared/paymentadjustmentraw.md
  - docs/pkg/models/shared/paymentadjustment.md
  - docs/pkg/models/shared/connectorconfig.md
  - docs/pkg/models/shared/stripeconfig.md
  - docs/pkg/models/shared/dummypayconfig.md
  - docs/pkg/models/shared/wiseconfig.md
  - docs/pkg/models/shared/modulrconfig.md
  - docs/pkg/models/shared/currencycloudconfig.md
  - docs/pkg/models/shared/bankingcircleconfig.md
  - docs/pkg/models/shared/connectorsresponsedata.md
  - docs/pkg/models/shared/connectorsresponse.md
  - docs/pkg/models/shared/key.md
  - docs/pkg/models/shared/connectorsconfigsresponseconnector.md
  - docs/pkg/models/shared/data.md
  - docs/pkg/models/shared/connectorsconfigsresponse.md
  - docs/pkg/models/shared/taskscursordata.md
  - docs/pkg/models/shared/taskscursorcursor.md
  - docs/pkg/models/shared/taskscursor.md
  - docs/pkg/models/shared/paymentscursorcursor.md
  - docs/pkg/models/shared/paymentscursor.md
  - docs/pkg/models/shared/cursor.md
  - docs/pkg/models/shared/accountscursor.md
  - docs/pkg/models/shared/paymentsaccounttype.md
  - docs/pkg/models/shared/paymentsaccount.md
  - docs/pkg/models/shared/connectorconfigresponse.md
  - docs/pkg/models/shared/responseschemasdata.md
  - docs/pkg/models/shared/total.md
  - docs/pkg/models/shared/responsecursor.md
  - docs/pkg/models/shared/responsedata.md
  - docs/pkg/models/shared/response.md
  - docs/pkg/models/shared/query.md
  - docs/pkg/models/shared/walletserrorresponseerrorcode.md
  - docs/pkg/models/shared/walletserrorresponse.md
  - docs/pkg/models/shared/confirmholdrequest.md
  - docs/pkg/models/shared/createbalanceresponse.md
  - docs/pkg/models/shared/balance.md
  - docs/pkg/models/shared/createbalancerequest.md
  - docs/pkg/models/shared/createwalletresponse.md
  - docs/pkg/models/shared/wallet.md
  - docs/pkg/models/shared/createwalletrequest.md
  - docs/pkg/models/shared/creditwalletrequest.md
  - docs/pkg/models/shared/subject.md
  - docs/pkg/models/shared/ledgeraccountsubject.md
  - docs/pkg/models/shared/walletsubject.md
  - docs/pkg/models/shared/monetary.md
  - docs/pkg/models/shared/debitwalletresponse.md
  - docs/pkg/models/shared/hold.md
  - docs/pkg/models/shared/debitwalletrequest.md
  - docs/pkg/models/shared/getbalanceresponse.md
  - docs/pkg/models/shared/balancewithassets.md
  - docs/pkg/models/shared/getholdresponse.md
  - docs/pkg/models/shared/expandeddebithold.md
  - docs/pkg/models/shared/getholdsresponsecursor.md
  - docs/pkg/models/shared/getholdsresponse.md
  - docs/pkg/models/shared/gettransactionsresponsecursor.md
  - docs/pkg/models/shared/gettransactionsresponse.md
  - docs/pkg/models/shared/walletstransaction.md
  - docs/pkg/models/shared/walletsvolume.md
  - docs/pkg/models/shared/getwalletresponse.md
  - docs/pkg/models/shared/balances.md
  - docs/pkg/models/shared/walletwithbalances.md
  - docs/pkg/models/shared/assetholder.md
  - docs/pkg/models/shared/listbalancesresponsecursor.md
  - docs/pkg/models/shared/listbalancesresponse.md
  - docs/pkg/models/shared/listwalletsresponsecursor.md
  - docs/pkg/models/shared/listwalletsresponse.md
  - docs/pkg/models/shared/configresponse.md
  - docs/pkg/models/shared/webhooksconfig.md
  - docs/pkg/models/shared/configchangesecret.md
  - docs/pkg/models/shared/configsresponsecursor.md
  - docs/pkg/models/shared/configsresponse.md
  - docs/pkg/models/shared/configuser.md
  - docs/pkg/models/shared/attemptresponse.md
  - docs/pkg/models/shared/attempt.md
  - docs/pkg/models/shared/security.md
  - docs/sdks/formance/README.md
  - docs/sdks/clients/README.md
  - docs/sdks/scopes/README.md
  - docs/sdks/users/README.md
  - docs/sdks/server/README.md
  - docs/sdks/ledger/README.md
  - docs/sdks/accounts/README.md
  - docs/sdks/balances/README.md
  - docs/sdks/logs/README.md
  - docs/sdks/mapping/README.md
  - docs/sdks/script/README.md
  - docs/sdks/stats/README.md
  - docs/sdks/transactions/README.md
  - docs/sdks/orchestration/README.md
  - docs/sdks/payments/README.md
  - docs/sdks/search/README.md
  - docs/sdks/wallets/README.md
  - docs/sdks/webhooks/README.md
  - USAGE.md
  - .gitattributes
